
Microsoft Visual Studio Solution File, Format Version 12.00
# Visual Studio Version 17
VisualStudioVersion = 17.0.32014.148
MinimumVisualStudioVersion = 10.0.40219.1
Project("{FAE04EC0-301F-11D3-BF4B-00C04F79EFBC}") = "20220216_Entity", "20220216_Entity\20220216_Entity.csproj", "{1C346DBE-207F-4A77-B8AB-AB653B2CD3E1}"
EndProject
Global
	GlobalSection(SolutionConfigurationPlatforms) = preSolution
		Debug|Any CPU = Debug|Any CPU
		Release|Any CPU = Release|Any CPU
	EndGlobalSection
	GlobalSection(ProjectConfigurationPlatforms) = postSolution
		{1C346DBE-207F-4A77-B8AB-AB653B2CD3E1}.Debug|Any CPU.ActiveCfg = Debug|Any CPU
		{1C346DBE-207F-4A77-B8AB-AB653B2CD3E1}.Debug|Any CPU.Build.0 = Debug|Any CPU
		{1C346DBE-207F-4A77-B8AB-AB653B2CD3E1}.Release|Any CPU.ActiveCfg = Release|Any CPU
		{1C346DBE-207F-4A77-B8AB-AB653B2CD3E1}.Release|Any CPU.Build.0 = Release|Any CPU
	EndGlobalSection
	GlobalSection(SolutionProperties) = preSolution
		HideSolutionNode = FALSE
	EndGlobalSection
	GlobalSection(ExtensibilityGlobals) = postSolution
		SolutionGuid = {47A207D3-C8F4-406D-93E8-8526509A99D3}
	EndGlobalSection
EndGlobal
